
Microsoft Visual Studio Solution File, Format Version 12.00
# Visual Studio Version 17
VisualStudioVersion = 17.5.33516.290
MinimumVisualStudioVersion = 10.0.40219.1
Project("{9A19103F-16F7-4668-BE54-9A1E7A4F7556}") = "FootballStats", "FootballStats\FootballStats.csproj", "{042B786A-670A-4116-8292-0DDABCD3F500}"
EndProject
Global
	GlobalSection(SolutionConfigurationPlatforms) = preSolution
		Debug|Any CPU = Debug|Any CPU
		Release|Any CPU = Release|Any CPU
	EndGlobalSection
	GlobalSection(ProjectConfigurationPlatforms) = postSolution
		{042B786A-670A-4116-8292-0DDABCD3F500}.Debug|Any CPU.ActiveCfg = Debug|Any CPU
		{042B786A-670A-4116-8292-0DDABCD3F500}.Debug|Any CPU.Build.0 = Debug|Any CPU
		{042B786A-670A-4116-8292-0DDABCD3F500}.Release|Any CPU.ActiveCfg = Release|Any CPU
		{042B786A-670A-4116-8292-0DDABCD3F500}.Release|Any CPU.Build.0 = Release|Any CPU
	EndGlobalSection
	GlobalSection(SolutionProperties) = preSolution
		HideSolutionNode = FALSE
	EndGlobalSection
	GlobalSection(ExtensibilityGlobals) = postSolution
		SolutionGuid = {4E2D0F2B-2D9B-464E-AC9B-C38D715268A7}
	EndGlobalSection
EndGlobal
